
Microsoft Visual Studio Solution File, Format Version 12.00
# Visual Studio Version 17
VisualStudioVersion = 17.0.31903.59
MinimumVisualStudioVersion = 10.0.40219.1
Project("{2150E333-8FDC-42A3-9474-1A3956D46DE8}") = "tests", "tests", "{F1302F22-65BB-43A0-AF8F-DE81BAC48A21}"
EndProject
Project("{9A19103F-16F7-4668-BE54-9A1E7A4F7556}") = "Allure.Examples.Xunit", "tests\Allure.Examples.Xunit\Allure.Examples.Xunit.csproj", "{D000E7D2-DBF6-475C-9897-9E598E58752B}"
EndProject
Project("{2150E333-8FDC-42A3-9474-1A3956D46DE8}") = "Элементы решения", "Элементы решения", "{4A49572D-536D-41BE-B6F5-112E6177C33E}"
	ProjectSection(SolutionItems) = preProject
		.gitignore = .gitignore
		LICENSE = LICENSE
		README.md = README.md
	EndProjectSection
EndProject
Project("{2150E333-8FDC-42A3-9474-1A3956D46DE8}") = ".github", ".github", "{58FF4B94-ED07-430F-AC7D-9DBAAC52EBF5}"
EndProject
Project("{2150E333-8FDC-42A3-9474-1A3956D46DE8}") = "workflows", "workflows", "{6A57CA62-5134-4DAD-B81F-BC2EDBEE0260}"
	ProjectSection(SolutionItems) = preProject
		.github\workflows\allure-report.yml = .github\workflows\allure-report.yml
	EndProjectSection
EndProject
Global
	GlobalSection(SolutionConfigurationPlatforms) = preSolution
		Debug|Any CPU = Debug|Any CPU
		Release|Any CPU = Release|Any CPU
	EndGlobalSection
	GlobalSection(ProjectConfigurationPlatforms) = postSolution
		{D000E7D2-DBF6-475C-9897-9E598E58752B}.Debug|Any CPU.ActiveCfg = Debug|Any CPU
		{D000E7D2-DBF6-475C-9897-9E598E58752B}.Debug|Any CPU.Build.0 = Debug|Any CPU
		{D000E7D2-DBF6-475C-9897-9E598E58752B}.Release|Any CPU.ActiveCfg = Release|Any CPU
		{D000E7D2-DBF6-475C-9897-9E598E58752B}.Release|Any CPU.Build.0 = Release|Any CPU
	EndGlobalSection
	GlobalSection(SolutionProperties) = preSolution
		HideSolutionNode = FALSE
	EndGlobalSection
	GlobalSection(NestedProjects) = preSolution
		{D000E7D2-DBF6-475C-9897-9E598E58752B} = {F1302F22-65BB-43A0-AF8F-DE81BAC48A21}
		{6A57CA62-5134-4DAD-B81F-BC2EDBEE0260} = {58FF4B94-ED07-430F-AC7D-9DBAAC52EBF5}
	EndGlobalSection
	GlobalSection(ExtensibilityGlobals) = postSolution
		SolutionGuid = {0CA83877-9DAA-49E7-AD38-831E4A12E4B6}
	EndGlobalSection
EndGlobal
